
Microsoft Visual Studio Solution File, Format Version 12.00
# Visual Studio 15
VisualStudioVersion = 15.0.27703.2000
MinimumVisualStudioVersion = 10.0.40219.1
Project("{FAE04EC0-301F-11D3-BF4B-00C04F79EFBC}") = "Task 3", "Task 3\Task 3.csproj", "{4CD9CA4D-7D9F-4124-B209-28E6147E4EE3}"
EndProject
Project("{FAE04EC0-301F-11D3-BF4B-00C04F79EFBC}") = "Task1", "Task1\Task1.csproj", "{E331A43F-8ABE-4446-8BF5-65EBB2E601ED}"
EndProject
Project("{FAE04EC0-301F-11D3-BF4B-00C04F79EFBC}") = "Task2", "Task2\Task2.csproj", "{0F8378A0-2D89-4E81-A08F-A07D733AE788}"
EndProject
Global
	GlobalSection(SolutionConfigurationPlatforms) = preSolution
		Debug|Any CPU = Debug|Any CPU
		Release|Any CPU = Release|Any CPU
	EndGlobalSection
	GlobalSection(ProjectConfigurationPlatforms) = postSolution
		{4CD9CA4D-7D9F-4124-B209-28E6147E4EE3}.Debug|Any CPU.ActiveCfg = Debug|Any CPU
		{4CD9CA4D-7D9F-4124-B209-28E6147E4EE3}.Debug|Any CPU.Build.0 = Debug|Any CPU
		{4CD9CA4D-7D9F-4124-B209-28E6147E4EE3}.Release|Any CPU.ActiveCfg = Release|Any CPU
		{4CD9CA4D-7D9F-4124-B209-28E6147E4EE3}.Release|Any CPU.Build.0 = Release|Any CPU
		{E331A43F-8ABE-4446-8BF5-65EBB2E601ED}.Debug|Any CPU.ActiveCfg = Debug|Any CPU
		{E331A43F-8ABE-4446-8BF5-65EBB2E601ED}.Debug|Any CPU.Build.0 = Debug|Any CPU
		{E331A43F-8ABE-4446-8BF5-65EBB2E601ED}.Release|Any CPU.ActiveCfg = Release|Any CPU
		{E331A43F-8ABE-4446-8BF5-65EBB2E601ED}.Release|Any CPU.Build.0 = Release|Any CPU
		{0F8378A0-2D89-4E81-A08F-A07D733AE788}.Debug|Any CPU.ActiveCfg = Debug|Any CPU
		{0F8378A0-2D89-4E81-A08F-A07D733AE788}.Debug|Any CPU.Build.0 = Debug|Any CPU
		{0F8378A0-2D89-4E81-A08F-A07D733AE788}.Release|Any CPU.ActiveCfg = Release|Any CPU
		{0F8378A0-2D89-4E81-A08F-A07D733AE788}.Release|Any CPU.Build.0 = Release|Any CPU
	EndGlobalSection
	GlobalSection(SolutionProperties) = preSolution
		HideSolutionNode = FALSE
	EndGlobalSection
	GlobalSection(ExtensibilityGlobals) = postSolution
		SolutionGuid = {F9D27798-F5B4-43EA-82E6-265315586AB7}
	EndGlobalSection
EndGlobal
