
Microsoft Visual Studio Solution File, Format Version 12.00
# Visual Studio 15
VisualStudioVersion = 15.0.27703.2000
MinimumVisualStudioVersion = 10.0.40219.1
Project("{FAE04EC0-301F-11D3-BF4B-00C04F79EFBC}") = "Task1", "Task1\Task1.csproj", "{71342CE0-6CE1-4195-85FF-D5781B6D44FA}"
EndProject
Project("{FAE04EC0-301F-11D3-BF4B-00C04F79EFBC}") = "Task2", "Task2\Task2.csproj", "{95BC60FD-4521-4C87-B57A-7484BE1F6BCD}"
EndProject
Global
	GlobalSection(SolutionConfigurationPlatforms) = preSolution
		Debug|Any CPU = Debug|Any CPU
		Release|Any CPU = Release|Any CPU
	EndGlobalSection
	GlobalSection(ProjectConfigurationPlatforms) = postSolution
		{71342CE0-6CE1-4195-85FF-D5781B6D44FA}.Debug|Any CPU.ActiveCfg = Debug|Any CPU
		{71342CE0-6CE1-4195-85FF-D5781B6D44FA}.Debug|Any CPU.Build.0 = Debug|Any CPU
		{71342CE0-6CE1-4195-85FF-D5781B6D44FA}.Release|Any CPU.ActiveCfg = Release|Any CPU
		{71342CE0-6CE1-4195-85FF-D5781B6D44FA}.Release|Any CPU.Build.0 = Release|Any CPU
		{95BC60FD-4521-4C87-B57A-7484BE1F6BCD}.Debug|Any CPU.ActiveCfg = Debug|Any CPU
		{95BC60FD-4521-4C87-B57A-7484BE1F6BCD}.Debug|Any CPU.Build.0 = Debug|Any CPU
		{95BC60FD-4521-4C87-B57A-7484BE1F6BCD}.Release|Any CPU.ActiveCfg = Release|Any CPU
		{95BC60FD-4521-4C87-B57A-7484BE1F6BCD}.Release|Any CPU.Build.0 = Release|Any CPU
	EndGlobalSection
	GlobalSection(SolutionProperties) = preSolution
		HideSolutionNode = FALSE
	EndGlobalSection
	GlobalSection(ExtensibilityGlobals) = postSolution
		SolutionGuid = {87558619-68A9-402A-8E35-9E5107362ACB}
	EndGlobalSection
EndGlobal
